{
  "name": "@walletpass/pass-js",
  "version": "6.9.7",
  "lockfileVersion": 3,
  "requires": true,
  "packages": {
    "": {
      "name": "@walletpass/pass-js",
      "version": "6.9.7",
      "license": "MIT",
      "dependencies": {
        "buffer-crc32": "0.2.13",
        "color-name": "1.1.4",
        "do-not-zip": "1.0.0",
        "event-iterator": "2.0.0",
        "imagesize": "1.0.0",
        "node-forge": "1.3.1",
        "strip-json-comments": "4.0.0",
        "yauzl": "2.10.0"
      },
      "bin": {
        "passkit-keys": "bin/passkit-keys"
      },
      "engines": {
        "node": ">=10.10"
      },
      "funding": {
        "type": "opencollective",
        "url": "https://opencollective.com/walletpass"
      }
    },
    "node_modules/buffer-crc32": {
      "version": "0.2.13",
      "resolved": "https://registry.npmjs.org/buffer-crc32/-/buffer-crc32-0.2.13.tgz",
      "integrity": "sha1-DTM+PwDqxQqhRUq9MO+MKl2ackI=",
      "engines": {
        "node": "*"
      }
    },
    "node_modules/color-name": {
      "version": "1.1.4",
      "resolved": "https://registry.npmjs.org/color-name/-/color-name-1.1.4.tgz",
      "integrity": "sha512-dOy+3AuW3a2wNbZHIuMZpTcgjGuLU/uBL/ubcZF9OXbDo8ff4O8yVp5Bf0efS8uEoYo5q4Fx7dY9OgQGXgAsQA=="
    },
    "node_modules/do-not-zip": {
      "version": "1.0.0",
      "resolved": "https://registry.npmjs.org/do-not-zip/-/do-not-zip-1.0.0.tgz",
      "integrity": "sha512-Pgd81ET43bhAGaN2Hq1zluSX1FmD7kl7KcV9ER/lawiLsRUB9pRA5y8r6us29Xk6BrINZETO8TjhYwtwafWUww=="
    },
    "node_modules/event-iterator": {
      "version": "2.0.0",
      "resolved": "https://registry.npmjs.org/event-iterator/-/event-iterator-2.0.0.tgz",
      "integrity": "sha512-KGft0ldl31BZVV//jj+IAIGCxkvvUkkON+ScH6zfoX+l+omX6001ggyRSpI0Io2Hlro0ThXotswCtfzS8UkIiQ=="
    },
    "node_modules/fd-slicer": {
      "version": "1.1.0",
      "resolved": "https://registry.npmjs.org/fd-slicer/-/fd-slicer-1.1.0.tgz",
      "integrity": "sha1-JcfInLH5B3+IkbvmHY85Dq4lbx4=",
      "dependencies": {
        "pend": "~1.2.0"
      }
    },
    "node_modules/imagesize": {
      "version": "1.0.0",
      "resolved": "https://registry.npmjs.org/imagesize/-/imagesize-1.0.0.tgz",
      "integrity": "sha1-2xYdFb8YKjbVbhmrrRB5PDLDTDA="
    },
    "node_modules/node-forge": {
      "version": "1.3.1",
      "resolved": "https://registry.npmjs.org/node-forge/-/node-forge-1.3.1.tgz",
      "integrity": "sha512-dPEtOeMvF9VMcYV/1Wb8CPoVAXtp6MKMlcbAt4ddqmGqUJ6fQZFXkNZNkNlfevtNkGtaSoXf/vNNNSvgrdXwtA==",
      "engines": {
        "node": ">= 6.13.0"
      }
    },
    "node_modules/pend": {
      "version": "1.2.0",
      "resolved": "https://registry.npmjs.org/pend/-/pend-1.2.0.tgz",
      "integrity": "sha1-elfrVQpng/kRUzH89GY9XI4AelA="
    },
    "node_modules/strip-json-comments": {
      "version": "4.0.0",
      "resolved": "https://registry.npmjs.org/strip-json-comments/-/strip-json-comments-4.0.0.tgz",
      "integrity": "sha512-LzWcbfMbAsEDTRmhjWIioe8GcDRl0fa35YMXFoJKDdiD/quGFmjJjdgPjFJJNwCMaLyQqFIDqCdHD2V4HfLgYA==",
      "engines": {
        "node": "^12.20.0 || ^14.13.1 || >=16.0.0"
      },
      "funding": {
        "url": "https://github.com/sponsors/sindresorhus"
      }
    },
    "node_modules/yauzl": {
      "version": "2.10.0",
      "resolved": "https://registry.npmjs.org/yauzl/-/yauzl-2.10.0.tgz",
      "integrity": "sha1-x+sXyT4RLLEIb6bY5R+wZnt5pfk=",
      "dependencies": {
        "buffer-crc32": "~0.2.3",
        "fd-slicer": "~1.1.0"
      }
    }
  }
}
